
Microsoft Visual Studio Solution File, Format Version 12.00
# Visual Studio Version 16
VisualStudioVersion = 16.0.33529.622
MinimumVisualStudioVersion = 10.0.40219.1
Project("{FAE04EC0-301F-11D3-BF4B-00C04F79EFBC}") = "MyApp.UWP", "MyApp\MyApp.UWP\MyApp.UWP.csproj", "{5246F2F0-D0A1-4F00-B8D0-C7DAC42493CC}"
EndProject
Project("{FAE04EC0-301F-11D3-BF4B-00C04F79EFBC}") = "MyApp.Android", "MyApp\MyApp.Android\MyApp.Android.csproj", "{506D9A68-B241-4BDC-8D09-E243E8CE9A89}"
EndProject
Project("{FAE04EC0-301F-11D3-BF4B-00C04F79EFBC}") = "MyApp.iOS", "MyApp\MyApp.iOS\MyApp.iOS.csproj", "{1416234D-65B5-467B-8B56-080E3F01EAEA}"
EndProject
Global
	GlobalSection(SolutionConfigurationPlatforms) = preSolution
		Debug|Any CPU = Debug|Any CPU
		Debug|ARM = Debug|ARM
		Debug|iPhone = Debug|iPhone
		Debug|iPhoneSimulator = Debug|iPhoneSimulator
		Debug|x64 = Debug|x64
		Debug|x86 = Debug|x86
		Release|Any CPU = Release|Any CPU
		Release|ARM = Release|ARM
		Release|iPhone = Release|iPhone
		Release|iPhoneSimulator = Release|iPhoneSimulator
		Release|x64 = Release|x64
		Release|x86 = Release|x86
	EndGlobalSection
	GlobalSection(ProjectConfigurationPlatforms) = postSolution
		{5246F2F0-D0A1-4F00-B8D0-C7DAC42493CC}.Debug|Any CPU.ActiveCfg = Debug|x86
		{5246F2F0-D0A1-4F00-B8D0-C7DAC42493CC}.Debug|Any CPU.Build.0 = Debug|x86
		{5246F2F0-D0A1-4F00-B8D0-C7DAC42493CC}.Debug|Any CPU.Deploy.0 = Debug|x86
		{5246F2F0-D0A1-4F00-B8D0-C7DAC42493CC}.Debug|ARM.ActiveCfg = Debug|ARM
		{5246F2F0-D0A1-4F00-B8D0-C7DAC42493CC}.Debug|ARM.Build.0 = Debug|ARM
		{5246F2F0-D0A1-4F00-B8D0-C7DAC42493CC}.Debug|ARM.Deploy.0 = Debug|ARM
		{5246F2F0-D0A1-4F00-B8D0-C7DAC42493CC}.Debug|iPhone.ActiveCfg = Debug|x86
		{5246F2F0-D0A1-4F00-B8D0-C7DAC42493CC}.Debug|iPhone.Build.0 = Debug|x86
		{5246F2F0-D0A1-4F00-B8D0-C7DAC42493CC}.Debug|iPhone.Deploy.0 = Debug|x86
		{5246F2F0-D0A1-4F00-B8D0-C7DAC42493CC}.Debug|iPhoneSimulator.ActiveCfg = Debug|x86
		{5246F2F0-D0A1-4F00-B8D0-C7DAC42493CC}.Debug|iPhoneSimulator.Build.0 = Debug|x86
		{5246F2F0-D0A1-4F00-B8D0-C7DAC42493CC}.Debug|iPhoneSimulator.Deploy.0 = Debug|x86
		{5246F2F0-D0A1-4F00-B8D0-C7DAC42493CC}.Debug|x64.ActiveCfg = Debug|x64
		{5246F2F0-D0A1-4F00-B8D0-C7DAC42493CC}.Debug|x64.Build.0 = Debug|x64
		{5246F2F0-D0A1-4F00-B8D0-C7DAC42493CC}.Debug|x64.Deploy.0 = Debug|x64
		{5246F2F0-D0A1-4F00-B8D0-C7DAC42493CC}.Debug|x86.ActiveCfg = Debug|x86
		{5246F2F0-D0A1-4F00-B8D0-C7DAC42493CC}.Debug|x86.Build.0 = Debug|x86
		{5246F2F0-D0A1-4F00-B8D0-C7DAC42493CC}.Debug|x86.Deploy.0 = Debug|x86
		{5246F2F0-D0A1-4F00-B8D0-C7DAC42493CC}.Release|Any CPU.ActiveCfg = Release|x86
		{5246F2F0-D0A1-4F00-B8D0-C7DAC42493CC}.Release|Any CPU.Build.0 = Release|x86
		{5246F2F0-D0A1-4F00-B8D0-C7DAC42493CC}.Release|Any CPU.Deploy.0 = Release|x86
		{5246F2F0-D0A1-4F00-B8D0-C7DAC42493CC}.Release|ARM.ActiveCfg = Release|ARM
		{5246F2F0-D0A1-4F00-B8D0-C7DAC42493CC}.Release|ARM.Build.0 = Release|ARM
		{5246F2F0-D0A1-4F00-B8D0-C7DAC42493CC}.Release|ARM.Deploy.0 = Release|ARM
		{5246F2F0-D0A1-4F00-B8D0-C7DAC42493CC}.Release|iPhone.ActiveCfg = Release|x86
		{5246F2F0-D0A1-4F00-B8D0-C7DAC42493CC}.Release|iPhone.Build.0 = Release|x86
		{5246F2F0-D0A1-4F00-B8D0-C7DAC42493CC}.Release|iPhone.Deploy.0 = Release|x86
		{5246F2F0-D0A1-4F00-B8D0-C7DAC42493CC}.Release|iPhoneSimulator.ActiveCfg = Release|x86
		{5246F2F0-D0A1-4F00-B8D0-C7DAC42493CC}.Release|iPhoneSimulator.Build.0 = Release|x86
		{5246F2F0-D0A1-4F00-B8D0-C7DAC42493CC}.Release|iPhoneSimulator.Deploy.0 = Release|x86
		{5246F2F0-D0A1-4F00-B8D0-C7DAC42493CC}.Release|x64.ActiveCfg = Release|x64
		{5246F2F0-D0A1-4F00-B8D0-C7DAC42493CC}.Release|x64.Build.0 = Release|x64
		{5246F2F0-D0A1-4F00-B8D0-C7DAC42493CC}.Release|x64.Deploy.0 = Release|x64
		{5246F2F0-D0A1-4F00-B8D0-C7DAC42493CC}.Release|x86.ActiveCfg = Release|x86
		{5246F2F0-D0A1-4F00-B8D0-C7DAC42493CC}.Release|x86.Build.0 = Release|x86
		{5246F2F0-D0A1-4F00-B8D0-C7DAC42493CC}.Release|x86.Deploy.0 = Release|x86
		{506D9A68-B241-4BDC-8D09-E243E8CE9A89}.Debug|Any CPU.ActiveCfg = Debug|Any CPU
		{506D9A68-B241-4BDC-8D09-E243E8CE9A89}.Debug|Any CPU.Build.0 = Debug|Any CPU
		{506D9A68-B241-4BDC-8D09-E243E8CE9A89}.Debug|Any CPU.Deploy.0 = Debug|Any CPU
		{506D9A68-B241-4BDC-8D09-E243E8CE9A89}.Debug|ARM.ActiveCfg = Debug|Any CPU
		{506D9A68-B241-4BDC-8D09-E243E8CE9A89}.Debug|ARM.Build.0 = Debug|Any CPU
		{506D9A68-B241-4BDC-8D09-E243E8CE9A89}.Debug|ARM.Deploy.0 = Debug|Any CPU
		{506D9A68-B241-4BDC-8D09-E243E8CE9A89}.Debug|iPhone.ActiveCfg = Debug|Any CPU
		{506D9A68-B241-4BDC-8D09-E243E8CE9A89}.Debug|iPhone.Build.0 = Debug|Any CPU
		{506D9A68-B241-4BDC-8D09-E243E8CE9A89}.Debug|iPhone.Deploy.0 = Debug|Any CPU
		{506D9A68-B241-4BDC-8D09-E243E8CE9A89}.Debug|iPhoneSimulator.ActiveCfg = Debug|Any CPU
		{506D9A68-B241-4BDC-8D09-E243E8CE9A89}.Debug|iPhoneSimulator.Build.0 = Debug|Any CPU
		{506D9A68-B241-4BDC-8D09-E243E8CE9A89}.Debug|iPhoneSimulator.Deploy.0 = Debug|Any CPU
		{506D9A68-B241-4BDC-8D09-E243E8CE9A89}.Debug|x64.ActiveCfg = Debug|Any CPU
		{506D9A68-B241-4BDC-8D09-E243E8CE9A89}.Debug|x64.Build.0 = Debug|Any CPU
		{506D9A68-B241-4BDC-8D09-E243E8CE9A89}.Debug|x64.Deploy.0 = Debug|Any CPU
		{506D9A68-B241-4BDC-8D09-E243E8CE9A89}.Debug|x86.ActiveCfg = Debug|Any CPU
		{506D9A68-B241-4BDC-8D09-E243E8CE9A89}.Debug|x86.Build.0 = Debug|Any CPU
		{506D9A68-B241-4BDC-8D09-E243E8CE9A89}.Debug|x86.Deploy.0 = Debug|Any CPU
		{506D9A68-B241-4BDC-8D09-E243E8CE9A89}.Release|Any CPU.ActiveCfg = Release|Any CPU
		{506D9A68-B241-4BDC-8D09-E243E8CE9A89}.Release|Any CPU.Build.0 = Release|Any CPU
		{506D9A68-B241-4BDC-8D09-E243E8CE9A89}.Release|Any CPU.Deploy.0 = Release|Any CPU
		{506D9A68-B241-4BDC-8D09-E243E8CE9A89}.Release|ARM.ActiveCfg = Release|Any CPU
		{506D9A68-B241-4BDC-8D09-E243E8CE9A89}.Release|ARM.Build.0 = Release|Any CPU
		{506D9A68-B241-4BDC-8D09-E243E8CE9A89}.Release|ARM.Deploy.0 = Release|Any CPU
		{506D9A68-B241-4BDC-8D09-E243E8CE9A89}.Release|iPhone.ActiveCfg = Release|Any CPU
		{506D9A68-B241-4BDC-8D09-E243E8CE9A89}.Release|iPhone.Build.0 = Release|Any CPU
		{506D9A68-B241-4BDC-8D09-E243E8CE9A89}.Release|iPhone.Deploy.0 = Release|Any CPU
		{506D9A68-B241-4BDC-8D09-E243E8CE9A89}.Release|iPhoneSimulator.ActiveCfg = Release|Any CPU
		{506D9A68-B241-4BDC-8D09-E243E8CE9A89}.Release|iPhoneSimulator.Build.0 = Release|Any CPU
		{506D9A68-B241-4BDC-8D09-E243E8CE9A89}.Release|iPhoneSimulator.Deploy.0 = Release|Any CPU
		{506D9A68-B241-4BDC-8D09-E243E8CE9A89}.Release|x64.ActiveCfg = Release|Any CPU
		{506D9A68-B241-4BDC-8D09-E243E8CE9A89}.Release|x64.Build.0 = Release|Any CPU
		{506D9A68-B241-4BDC-8D09-E243E8CE9A89}.Release|x64.Deploy.0 = Release|Any CPU
		{506D9A68-B241-4BDC-8D09-E243E8CE9A89}.Release|x86.ActiveCfg = Release|Any CPU
		{506D9A68-B241-4BDC-8D09-E243E8CE9A89}.Release|x86.Build.0 = Release|Any CPU
		{506D9A68-B241-4BDC-8D09-E243E8CE9A89}.Release|x86.Deploy.0 = Release|Any CPU
		{1416234D-65B5-467B-8B56-080E3F01EAEA}.Debug|Any CPU.ActiveCfg = Debug|iPhoneSimulator
		{1416234D-65B5-467B-8B56-080E3F01EAEA}.Debug|Any CPU.Build.0 = Debug|iPhoneSimulator
		{1416234D-65B5-467B-8B56-080E3F01EAEA}.Debug|Any CPU.Deploy.0 = Debug|iPhoneSimulator
		{1416234D-65B5-467B-8B56-080E3F01EAEA}.Debug|ARM.ActiveCfg = Debug|iPhone
		{1416234D-65B5-467B-8B56-080E3F01EAEA}.Debug|ARM.Build.0 = Debug|iPhone
		{1416234D-65B5-467B-8B56-080E3F01EAEA}.Debug|ARM.Deploy.0 = Debug|iPhone
		{1416234D-65B5-467B-8B56-080E3F01EAEA}.Debug|iPhone.ActiveCfg = Debug|iPhone
		{1416234D-65B5-467B-8B56-080E3F01EAEA}.Debug|iPhone.Build.0 = Debug|iPhone
		{1416234D-65B5-467B-8B56-080E3F01EAEA}.Debug|iPhone.Deploy.0 = Debug|iPhone
		{1416234D-65B5-467B-8B56-080E3F01EAEA}.Debug|iPhoneSimulator.ActiveCfg = Debug|iPhoneSimulator
		{1416234D-65B5-467B-8B56-080E3F01EAEA}.Debug|iPhoneSimulator.Build.0 = Debug|iPhoneSimulator
		{1416234D-65B5-467B-8B56-080E3F01EAEA}.Debug|iPhoneSimulator.Deploy.0 = Debug|iPhoneSimulator
		{1416234D-65B5-467B-8B56-080E3F01EAEA}.Debug|x64.ActiveCfg = Debug|iPhoneSimulator
		{1416234D-65B5-467B-8B56-080E3F01EAEA}.Debug|x64.Build.0 = Debug|iPhoneSimulator
		{1416234D-65B5-467B-8B56-080E3F01EAEA}.Debug|x64.Deploy.0 = Debug|iPhoneSimulator
		{1416234D-65B5-467B-8B56-080E3F01EAEA}.Debug|x86.ActiveCfg = Debug|iPhoneSimulator
		{1416234D-65B5-467B-8B56-080E3F01EAEA}.Debug|x86.Build.0 = Debug|iPhoneSimulator
		{1416234D-65B5-467B-8B56-080E3F01EAEA}.Debug|x86.Deploy.0 = Debug|iPhoneSimulator
		{1416234D-65B5-467B-8B56-080E3F01EAEA}.Release|Any CPU.ActiveCfg = Release|iPhoneSimulator
		{1416234D-65B5-467B-8B56-080E3F01EAEA}.Release|Any CPU.Build.0 = Release|iPhoneSimulator
		{1416234D-65B5-467B-8B56-080E3F01EAEA}.Release|Any CPU.Deploy.0 = Release|iPhoneSimulator
		{1416234D-65B5-467B-8B56-080E3F01EAEA}.Release|ARM.ActiveCfg = Release|iPhoneSimulator
		{1416234D-65B5-467B-8B56-080E3F01EAEA}.Release|ARM.Build.0 = Release|iPhoneSimulator
		{1416234D-65B5-467B-8B56-080E3F01EAEA}.Release|ARM.Deploy.0 = Release|iPhoneSimulator
		{1416234D-65B5-467B-8B56-080E3F01EAEA}.Release|iPhone.ActiveCfg = Release|iPhone
		{1416234D-65B5-467B-8B56-080E3F01EAEA}.Release|iPhone.Build.0 = Release|iPhone
		{1416234D-65B5-467B-8B56-080E3F01EAEA}.Release|iPhone.Deploy.0 = Release|iPhone
		{1416234D-65B5-467B-8B56-080E3F01EAEA}.Release|iPhoneSimulator.ActiveCfg = Release|iPhoneSimulator
		{1416234D-65B5-467B-8B56-080E3F01EAEA}.Release|iPhoneSimulator.Build.0 = Release|iPhoneSimulator
		{1416234D-65B5-467B-8B56-080E3F01EAEA}.Release|iPhoneSimulator.Deploy.0 = Release|iPhoneSimulator
		{1416234D-65B5-467B-8B56-080E3F01EAEA}.Release|x64.ActiveCfg = Release|iPhoneSimulator
		{1416234D-65B5-467B-8B56-080E3F01EAEA}.Release|x64.Build.0 = Release|iPhoneSimulator
		{1416234D-65B5-467B-8B56-080E3F01EAEA}.Release|x64.Deploy.0 = Release|iPhoneSimulator
		{1416234D-65B5-467B-8B56-080E3F01EAEA}.Release|x86.ActiveCfg = Release|iPhoneSimulator
		{1416234D-65B5-467B-8B56-080E3F01EAEA}.Release|x86.Build.0 = Release|iPhoneSimulator
		{1416234D-65B5-467B-8B56-080E3F01EAEA}.Release|x86.Deploy.0 = Release|iPhoneSimulator
	EndGlobalSection
	GlobalSection(SolutionProperties) = preSolution
		HideSolutionNode = FALSE
	EndGlobalSection
	GlobalSection(ExtensibilityGlobals) = postSolution
		SolutionGuid = {EDD01030-F757-456C-AA89-4888D3516B3D}
	EndGlobalSection
EndGlobal
